
Microsoft Visual Studio Solution File, Format Version 12.00
# Visual Studio Version 17
VisualStudioVersion = 17.14.35906.104 d17.14
MinimumVisualStudioVersion = 10.0.40219.1
Project("{FAE04EC0-301F-11D3-BF4B-00C04F79EFBC}") = "FileAccessSystem", "FileAccessSystem.csproj", "{C9C8687A-C8CA-44F4-BEB5-A42478007C1A}"
EndProject
Global
	GlobalSection(SolutionConfigurationPlatforms) = preSolution
		Debug|Any CPU = Debug|Any CPU
		Release|Any CPU = Release|Any CPU
	EndGlobalSection
	GlobalSection(ProjectConfigurationPlatforms) = postSolution
		{C9C8687A-C8CA-44F4-BEB5-A42478007C1A}.Debug|Any CPU.ActiveCfg = Debug|Any CPU
		{C9C8687A-C8CA-44F4-BEB5-A42478007C1A}.Debug|Any CPU.Build.0 = Debug|Any CPU
		{C9C8687A-C8CA-44F4-BEB5-A42478007C1A}.Release|Any CPU.ActiveCfg = Release|Any CPU
		{C9C8687A-C8CA-44F4-BEB5-A42478007C1A}.Release|Any CPU.Build.0 = Release|Any CPU
	EndGlobalSection
	GlobalSection(SolutionProperties) = preSolution
		HideSolutionNode = FALSE
	EndGlobalSection
	GlobalSection(ExtensibilityGlobals) = postSolution
		SolutionGuid = {71D9B5E3-4B84-4B95-8867-C9114A73DD0C}
	EndGlobalSection
EndGlobal
